{
  "requires": true,
  "lockfileVersion": 1,
  "dependencies": {
    "distpicker": {
      "version": "2.0.4",
      "resolved": "https://registry.npmjs.org/distpicker/-/distpicker-2.0.4.tgz",
      "integrity": "sha512-nsWtAcluWfauwv6MgA71GJd2Me6fWXlo8i7wqKIEA0DF63vkrAwEat3yukMYgLgfsn3z+/gcc9l/9njRjOvQ4Q=="
    },
    "jquery": {
      "version": "3.3.1",
      "resolved": "https://registry.npmjs.org/jquery/-/jquery-3.3.1.tgz",
      "integrity": "sha512-Ubldcmxp5np52/ENotGxlLe6aGMvmF4R8S6tZjsP6Knsaxd/xp3Zrh50cG93lR6nPXyUFwzN3ZSOQI0wRJNdGg=="
    },
    "vue": {
      "version": "2.5.16",
      "resolved": "https://registry.npmjs.org/vue/-/vue-2.5.16.tgz",
      "integrity": "sha512-/ffmsiVuPC8PsWcFkZngdpas19ABm5mh2wA7iDqcltyCTwlgZjHGeJYOXkBMo422iPwIcviOtrTCUpSfXmToLQ=="
    }
  }
}
